{
  "requires": true,
  "lockfileVersion": 1,
  "dependencies": {
    "shuffle-text": {
      "version": "0.2.8",
      "resolved": "https://registry.npmjs.org/shuffle-text/-/shuffle-text-0.2.8.tgz",
      "integrity": "sha512-D+XLkkMlRd51axh1+bPXNI2LBw9DCSiBxPdACNC4w1OoMlpEEbvQ1UuKNuXaQZ3ZNaLuw0/phsxbv8AdAuk3dQ=="
    }
  }
}
